
Microsoft Visual Studio Solution File, Format Version 12.00
# Visual Studio Version 17
VisualStudioVersion = 17.11.35222.181
MinimumVisualStudioVersion = 10.0.40219.1
Project("{8BC9CEB8-8B4A-11D0-8D11-00A0C91BC942}") = "pokerHands", "pokerHands.vcxproj", "{079A3F39-34C5-4B33-8442-761A92BC1BCC}"
EndProject
Global
	GlobalSection(SolutionConfigurationPlatforms) = preSolution
		Debug|x64 = Debug|x64
		Debug|x86 = Debug|x86
		Release|x64 = Release|x64
		Release|x86 = Release|x86
	EndGlobalSection
	GlobalSection(ProjectConfigurationPlatforms) = postSolution
		{079A3F39-34C5-4B33-8442-761A92BC1BCC}.Debug|x64.ActiveCfg = Debug|x64
		{079A3F39-34C5-4B33-8442-761A92BC1BCC}.Debug|x64.Build.0 = Debug|x64
		{079A3F39-34C5-4B33-8442-761A92BC1BCC}.Debug|x86.ActiveCfg = Debug|Win32
		{079A3F39-34C5-4B33-8442-761A92BC1BCC}.Debug|x86.Build.0 = Debug|Win32
		{079A3F39-34C5-4B33-8442-761A92BC1BCC}.Release|x64.ActiveCfg = Release|x64
		{079A3F39-34C5-4B33-8442-761A92BC1BCC}.Release|x64.Build.0 = Release|x64
		{079A3F39-34C5-4B33-8442-761A92BC1BCC}.Release|x86.ActiveCfg = Release|Win32
		{079A3F39-34C5-4B33-8442-761A92BC1BCC}.Release|x86.Build.0 = Release|Win32
	EndGlobalSection
	GlobalSection(SolutionProperties) = preSolution
		HideSolutionNode = FALSE
	EndGlobalSection
	GlobalSection(ExtensibilityGlobals) = postSolution
		SolutionGuid = {854071EB-9F10-4A13-A414-3D4AE6B89701}
	EndGlobalSection
EndGlobal
